
Microsoft Visual Studio Solution File, Format Version 12.00
# Visual Studio Version 17
VisualStudioVersion = 17.4.33213.308
MinimumVisualStudioVersion = 10.0.40219.1
Project("{9A19103F-16F7-4668-BE54-9A1E7A4F7556}") = "HotelHostingApi", "HotelHostingApi\HotelHostingApi.csproj", "{639887F9-0AD1-4AAA-9722-B7BEC23DFC8D}"
	ProjectSection(ProjectDependencies) = postProject
		{1B7C6A65-0666-4DA6-A648-5844E404316C} = {1B7C6A65-0666-4DA6-A648-5844E404316C}
	EndProjectSection
EndProject
Project("{9A19103F-16F7-4668-BE54-9A1E7A4F7556}") = "HotelLisstingApi.Core", "HotelLisstingApi.Core\HotelLisstingApi.Core.csproj", "{2962D97A-FA66-4D57-822A-1C44108B2909}"
EndProject
Project("{9A19103F-16F7-4668-BE54-9A1E7A4F7556}") = "HotelListingApi.EF", "HotelListingApi.EF\HotelListingApi.EF.csproj", "{1B7C6A65-0666-4DA6-A648-5844E404316C}"
EndProject
Global
	GlobalSection(SolutionConfigurationPlatforms) = preSolution
		Debug|Any CPU = Debug|Any CPU
		Release|Any CPU = Release|Any CPU
	EndGlobalSection
	GlobalSection(ProjectConfigurationPlatforms) = postSolution
		{639887F9-0AD1-4AAA-9722-B7BEC23DFC8D}.Debug|Any CPU.ActiveCfg = Debug|Any CPU
		{639887F9-0AD1-4AAA-9722-B7BEC23DFC8D}.Debug|Any CPU.Build.0 = Debug|Any CPU
		{639887F9-0AD1-4AAA-9722-B7BEC23DFC8D}.Release|Any CPU.ActiveCfg = Release|Any CPU
		{639887F9-0AD1-4AAA-9722-B7BEC23DFC8D}.Release|Any CPU.Build.0 = Release|Any CPU
		{2962D97A-FA66-4D57-822A-1C44108B2909}.Debug|Any CPU.ActiveCfg = Debug|Any CPU
		{2962D97A-FA66-4D57-822A-1C44108B2909}.Debug|Any CPU.Build.0 = Debug|Any CPU
		{2962D97A-FA66-4D57-822A-1C44108B2909}.Release|Any CPU.ActiveCfg = Release|Any CPU
		{2962D97A-FA66-4D57-822A-1C44108B2909}.Release|Any CPU.Build.0 = Release|Any CPU
		{1B7C6A65-0666-4DA6-A648-5844E404316C}.Debug|Any CPU.ActiveCfg = Debug|Any CPU
		{1B7C6A65-0666-4DA6-A648-5844E404316C}.Debug|Any CPU.Build.0 = Debug|Any CPU
		{1B7C6A65-0666-4DA6-A648-5844E404316C}.Release|Any CPU.ActiveCfg = Release|Any CPU
		{1B7C6A65-0666-4DA6-A648-5844E404316C}.Release|Any CPU.Build.0 = Release|Any CPU
	EndGlobalSection
	GlobalSection(SolutionProperties) = preSolution
		HideSolutionNode = FALSE
	EndGlobalSection
	GlobalSection(ExtensibilityGlobals) = postSolution
		SolutionGuid = {4252D0D5-B611-46A6-8A59-5E243343C1A1}
	EndGlobalSection
EndGlobal
